
Microsoft Visual Studio Solution File, Format Version 12.00
# Visual Studio Version 17
VisualStudioVersion = 17.9.34701.34
MinimumVisualStudioVersion = 10.0.40219.1
Project("{8BC9CEB8-8B4A-11D0-8D11-00A0C91BC942}") = "um", "um\um.vcxproj", "{A61A6B75-76D1-4866-8BA7-996C86319632}"
EndProject
Project("{8BC9CEB8-8B4A-11D0-8D11-00A0C91BC942}") = "km", "km\km.vcxproj", "{A262EB9A-6E3B-42A0-A10E-5C635F71991F}"
EndProject
Global
	GlobalSection(SolutionConfigurationPlatforms) = preSolution
		Debug|ARM64 = Debug|ARM64
		Debug|x64 = Debug|x64
		Debug|x86 = Debug|x86
		Release|ARM64 = Release|ARM64
		Release|x64 = Release|x64
		Release|x86 = Release|x86
	EndGlobalSection
	GlobalSection(ProjectConfigurationPlatforms) = postSolution
		{A61A6B75-76D1-4866-8BA7-996C86319632}.Debug|ARM64.ActiveCfg = Debug|x64
		{A61A6B75-76D1-4866-8BA7-996C86319632}.Debug|ARM64.Build.0 = Debug|x64
		{A61A6B75-76D1-4866-8BA7-996C86319632}.Debug|x64.ActiveCfg = Debug|x64
		{A61A6B75-76D1-4866-8BA7-996C86319632}.Debug|x64.Build.0 = Debug|x64
		{A61A6B75-76D1-4866-8BA7-996C86319632}.Debug|x86.ActiveCfg = Debug|Win32
		{A61A6B75-76D1-4866-8BA7-996C86319632}.Debug|x86.Build.0 = Debug|Win32
		{A61A6B75-76D1-4866-8BA7-996C86319632}.Release|ARM64.ActiveCfg = Release|x64
		{A61A6B75-76D1-4866-8BA7-996C86319632}.Release|ARM64.Build.0 = Release|x64
		{A61A6B75-76D1-4866-8BA7-996C86319632}.Release|x64.ActiveCfg = Release|x64
		{A61A6B75-76D1-4866-8BA7-996C86319632}.Release|x64.Build.0 = Release|x64
		{A61A6B75-76D1-4866-8BA7-996C86319632}.Release|x86.ActiveCfg = Release|Win32
		{A61A6B75-76D1-4866-8BA7-996C86319632}.Release|x86.Build.0 = Release|Win32
		{A262EB9A-6E3B-42A0-A10E-5C635F71991F}.Debug|ARM64.ActiveCfg = Debug|ARM64
		{A262EB9A-6E3B-42A0-A10E-5C635F71991F}.Debug|ARM64.Build.0 = Debug|ARM64
		{A262EB9A-6E3B-42A0-A10E-5C635F71991F}.Debug|ARM64.Deploy.0 = Debug|ARM64
		{A262EB9A-6E3B-42A0-A10E-5C635F71991F}.Debug|x64.ActiveCfg = Debug|x64
		{A262EB9A-6E3B-42A0-A10E-5C635F71991F}.Debug|x64.Build.0 = Debug|x64
		{A262EB9A-6E3B-42A0-A10E-5C635F71991F}.Debug|x64.Deploy.0 = Debug|x64
		{A262EB9A-6E3B-42A0-A10E-5C635F71991F}.Debug|x86.ActiveCfg = Debug|x64
		{A262EB9A-6E3B-42A0-A10E-5C635F71991F}.Debug|x86.Build.0 = Debug|x64
		{A262EB9A-6E3B-42A0-A10E-5C635F71991F}.Debug|x86.Deploy.0 = Debug|x64
		{A262EB9A-6E3B-42A0-A10E-5C635F71991F}.Release|ARM64.ActiveCfg = Release|ARM64
		{A262EB9A-6E3B-42A0-A10E-5C635F71991F}.Release|ARM64.Build.0 = Release|ARM64
		{A262EB9A-6E3B-42A0-A10E-5C635F71991F}.Release|ARM64.Deploy.0 = Release|ARM64
		{A262EB9A-6E3B-42A0-A10E-5C635F71991F}.Release|x64.ActiveCfg = Release|x64
		{A262EB9A-6E3B-42A0-A10E-5C635F71991F}.Release|x64.Build.0 = Release|x64
		{A262EB9A-6E3B-42A0-A10E-5C635F71991F}.Release|x64.Deploy.0 = Release|x64
		{A262EB9A-6E3B-42A0-A10E-5C635F71991F}.Release|x86.ActiveCfg = Release|x64
		{A262EB9A-6E3B-42A0-A10E-5C635F71991F}.Release|x86.Build.0 = Release|x64
		{A262EB9A-6E3B-42A0-A10E-5C635F71991F}.Release|x86.Deploy.0 = Release|x64
	EndGlobalSection
	GlobalSection(SolutionProperties) = preSolution
		HideSolutionNode = FALSE
	EndGlobalSection
	GlobalSection(ExtensibilityGlobals) = postSolution
		SolutionGuid = {B6C37CCC-5A08-4647-918E-15C35AF03E25}
	EndGlobalSection
EndGlobal
